
Microsoft Visual Studio Solution File, Format Version 12.00
# Visual Studio Version 17
VisualStudioVersion = 17.3.32929.385
MinimumVisualStudioVersion = 10.0.40219.1
Project("{FAE04EC0-301F-11D3-BF4B-00C04F79EFBC}") = "lr4_vtvv", "lr4_vtvv.csproj", "{9310BB1C-F6F6-4CB5-A9FE-335FE9DF1BB5}"
EndProject
Global
	GlobalSection(SolutionConfigurationPlatforms) = preSolution
		Debug|Any CPU = Debug|Any CPU
		Release|Any CPU = Release|Any CPU
	EndGlobalSection
	GlobalSection(ProjectConfigurationPlatforms) = postSolution
		{9310BB1C-F6F6-4CB5-A9FE-335FE9DF1BB5}.Debug|Any CPU.ActiveCfg = Debug|Any CPU
		{9310BB1C-F6F6-4CB5-A9FE-335FE9DF1BB5}.Debug|Any CPU.Build.0 = Debug|Any CPU
		{9310BB1C-F6F6-4CB5-A9FE-335FE9DF1BB5}.Release|Any CPU.ActiveCfg = Release|Any CPU
		{9310BB1C-F6F6-4CB5-A9FE-335FE9DF1BB5}.Release|Any CPU.Build.0 = Release|Any CPU
	EndGlobalSection
	GlobalSection(SolutionProperties) = preSolution
		HideSolutionNode = FALSE
	EndGlobalSection
	GlobalSection(ExtensibilityGlobals) = postSolution
		SolutionGuid = {A059D849-87FE-4B8B-9E78-E9670D7E8B60}
	EndGlobalSection
EndGlobal
